
Microsoft Visual Studio Solution File, Format Version 12.00
# Visual Studio Version 17
VisualStudioVersion = 17.1.32414.318
MinimumVisualStudioVersion = 10.0.40219.1
Project("{9A19103F-16F7-4668-BE54-9A1E7A4F7556}") = "AddressLookUp.Aggregator.Api", "AddressLookUp.Aggregator.Api\AddressLookUp.Aggregator.Api.csproj", "{1132C3FB-5811-4990-8553-F4B627172CA7}"
EndProject
Project("{2150E333-8FDC-42A3-9474-1A3956D46DE8}") = "ApiGateways", "ApiGateways", "{A0E8F97F-4D2E-427C-B4CF-B07D2A7F0563}"
EndProject
Project("{2150E333-8FDC-42A3-9474-1A3956D46DE8}") = "Services", "Services", "{1287E636-254B-4B8C-98DC-F6867948D0D2}"
EndProject
Project("{2150E333-8FDC-42A3-9474-1A3956D46DE8}") = "Common", "Common", "{4B7F4E36-8DEC-4539-A814-AAA85B7DCD73}"
EndProject
Project("{9A19103F-16F7-4668-BE54-9A1E7A4F7556}") = "Api.Common", "Api.Common\Api.Common.csproj", "{CDCFD204-2B20-480A-A9C4-6EB237175616}"
EndProject
Project("{2150E333-8FDC-42A3-9474-1A3956D46DE8}") = "PingWorker", "PingWorker", "{5BB4F888-7CFC-4ABA-A062-1D13DC05EBAD}"
EndProject
Project("{9A19103F-16F7-4668-BE54-9A1E7A4F7556}") = "PingWorker.Api.Tests", "PingWorker.Api.Tests\PingWorker.Api.Tests.csproj", "{D9DEE8F0-1830-4B47-9720-3DFF82AE27C0}"
EndProject
Project("{2150E333-8FDC-42A3-9474-1A3956D46DE8}") = "RdapWorker", "RdapWorker", "{9D1F647A-8A62-4129-8ED9-BAD2395AA701}"
EndProject
Project("{2150E333-8FDC-42A3-9474-1A3956D46DE8}") = "GeoIpWorker", "GeoIpWorker", "{AFC52160-5A0B-4BAB-AF47-61B81DAF4892}"
EndProject
Project("{2150E333-8FDC-42A3-9474-1A3956D46DE8}") = "ReverseDnsWorker", "ReverseDnsWorker", "{1B1EDBC5-FD9F-4397-92F8-995868CDF612}"
EndProject
Project("{9A19103F-16F7-4668-BE54-9A1E7A4F7556}") = "GeoIpWorker.Api", "GeoIpWorker.Api\GeoIpWorker.Api.csproj", "{C2A2A1EB-6B2C-4255-9C14-1DA0A99C936C}"
EndProject
Project("{9A19103F-16F7-4668-BE54-9A1E7A4F7556}") = "RdapWorker.Api", "RdapWorker.Api\RdapWorker.Api.csproj", "{D9A580CF-8CE3-4714-9B75-D07181645864}"
EndProject
Project("{9A19103F-16F7-4668-BE54-9A1E7A4F7556}") = "RdapWorker.Api.Tests", "RdapWorker.Api.Tests\RdapWorker.Api.Tests.csproj", "{BCB27E5B-CFA2-4691-92AF-AE4CA5B8ACD5}"
EndProject
Project("{9A19103F-16F7-4668-BE54-9A1E7A4F7556}") = "ReverseDnsWorker.Api.Tests", "ReverseDnsWorker.Api.Tests\ReverseDnsWorker.Api.Tests.csproj", "{84019290-78DD-4D46-817D-CB33E9D2E88D}"
EndProject
Project("{9A19103F-16F7-4668-BE54-9A1E7A4F7556}") = "ReverseDnsWorker.Api", "ReverseDnsWorker.Api\ReverseDnsWorker.Api.csproj", "{EE17F36A-24E2-4D7A-B8E3-696D75950548}"
EndProject
Project("{2150E333-8FDC-42A3-9474-1A3956D46DE8}") = "DomainAvailabilityWorker", "DomainAvailabilityWorker", "{ED94CC36-6DB7-45E6-A7FD-A81370CBD8E6}"
EndProject
Project("{9A19103F-16F7-4668-BE54-9A1E7A4F7556}") = "DomainAvailabilityWorker.Api.Tests", "DomainAvailabilityWorker.Api.Tests\DomainAvailabilityWorker.Api.Tests.csproj", "{83949A8A-9DD1-46C2-80A2-B2CBC6F9B99E}"
EndProject
Project("{9A19103F-16F7-4668-BE54-9A1E7A4F7556}") = "GeoIpWorker.Api.Tests", "GeoIpWorker.Api.Tests\GeoIpWorker.Api.Tests.csproj", "{A1197C4D-198C-426A-9D69-54FA954C0053}"
EndProject
Project("{9A19103F-16F7-4668-BE54-9A1E7A4F7556}") = "DomainAvailabilityWorker.Api", "DomainAvailabilityWorker.Api\DomainAvailabilityWorker.Api.csproj", "{904D58D4-83DF-4B71-A9F9-FD3C7DBF95B2}"
EndProject
Project("{9A19103F-16F7-4668-BE54-9A1E7A4F7556}") = "PingWorker.Api", "PingWorker.Api\PingWorker.Api.csproj", "{2D49582B-96E6-44B4-BF68-F37691067598}"
EndProject
Project("{FAE04EC0-301F-11D3-BF4B-00C04F79EFBC}") = "AddressLookUp.Aggregator.Api.Tests", "AddressLookUp.Aggregator.Api.Tests\AddressLookUp.Aggregator.Api.Tests.csproj", "{6190F91C-8463-4A1B-84CF-630D3712ECB8}"
EndProject
Global
	GlobalSection(SolutionConfigurationPlatforms) = preSolution
		Debug|Any CPU = Debug|Any CPU
		Release|Any CPU = Release|Any CPU
	EndGlobalSection
	GlobalSection(ProjectConfigurationPlatforms) = postSolution
		{1132C3FB-5811-4990-8553-F4B627172CA7}.Debug|Any CPU.ActiveCfg = Debug|Any CPU
		{1132C3FB-5811-4990-8553-F4B627172CA7}.Debug|Any CPU.Build.0 = Debug|Any CPU
		{1132C3FB-5811-4990-8553-F4B627172CA7}.Release|Any CPU.ActiveCfg = Release|Any CPU
		{1132C3FB-5811-4990-8553-F4B627172CA7}.Release|Any CPU.Build.0 = Release|Any CPU
		{CDCFD204-2B20-480A-A9C4-6EB237175616}.Debug|Any CPU.ActiveCfg = Debug|Any CPU
		{CDCFD204-2B20-480A-A9C4-6EB237175616}.Debug|Any CPU.Build.0 = Debug|Any CPU
		{CDCFD204-2B20-480A-A9C4-6EB237175616}.Release|Any CPU.ActiveCfg = Release|Any CPU
		{CDCFD204-2B20-480A-A9C4-6EB237175616}.Release|Any CPU.Build.0 = Release|Any CPU
		{D9DEE8F0-1830-4B47-9720-3DFF82AE27C0}.Debug|Any CPU.ActiveCfg = Debug|Any CPU
		{D9DEE8F0-1830-4B47-9720-3DFF82AE27C0}.Debug|Any CPU.Build.0 = Debug|Any CPU
		{D9DEE8F0-1830-4B47-9720-3DFF82AE27C0}.Release|Any CPU.ActiveCfg = Release|Any CPU
		{D9DEE8F0-1830-4B47-9720-3DFF82AE27C0}.Release|Any CPU.Build.0 = Release|Any CPU
		{C2A2A1EB-6B2C-4255-9C14-1DA0A99C936C}.Debug|Any CPU.ActiveCfg = Debug|Any CPU
		{C2A2A1EB-6B2C-4255-9C14-1DA0A99C936C}.Debug|Any CPU.Build.0 = Debug|Any CPU
		{C2A2A1EB-6B2C-4255-9C14-1DA0A99C936C}.Release|Any CPU.ActiveCfg = Release|Any CPU
		{C2A2A1EB-6B2C-4255-9C14-1DA0A99C936C}.Release|Any CPU.Build.0 = Release|Any CPU
		{D9A580CF-8CE3-4714-9B75-D07181645864}.Debug|Any CPU.ActiveCfg = Debug|Any CPU
		{D9A580CF-8CE3-4714-9B75-D07181645864}.Debug|Any CPU.Build.0 = Debug|Any CPU
		{D9A580CF-8CE3-4714-9B75-D07181645864}.Release|Any CPU.ActiveCfg = Release|Any CPU
		{D9A580CF-8CE3-4714-9B75-D07181645864}.Release|Any CPU.Build.0 = Release|Any CPU
		{BCB27E5B-CFA2-4691-92AF-AE4CA5B8ACD5}.Debug|Any CPU.ActiveCfg = Debug|Any CPU
		{BCB27E5B-CFA2-4691-92AF-AE4CA5B8ACD5}.Debug|Any CPU.Build.0 = Debug|Any CPU
		{BCB27E5B-CFA2-4691-92AF-AE4CA5B8ACD5}.Release|Any CPU.ActiveCfg = Release|Any CPU
		{BCB27E5B-CFA2-4691-92AF-AE4CA5B8ACD5}.Release|Any CPU.Build.0 = Release|Any CPU
		{84019290-78DD-4D46-817D-CB33E9D2E88D}.Debug|Any CPU.ActiveCfg = Debug|Any CPU
		{84019290-78DD-4D46-817D-CB33E9D2E88D}.Debug|Any CPU.Build.0 = Debug|Any CPU
		{84019290-78DD-4D46-817D-CB33E9D2E88D}.Release|Any CPU.ActiveCfg = Release|Any CPU
		{84019290-78DD-4D46-817D-CB33E9D2E88D}.Release|Any CPU.Build.0 = Release|Any CPU
		{EE17F36A-24E2-4D7A-B8E3-696D75950548}.Debug|Any CPU.ActiveCfg = Debug|Any CPU
		{EE17F36A-24E2-4D7A-B8E3-696D75950548}.Debug|Any CPU.Build.0 = Debug|Any CPU
		{EE17F36A-24E2-4D7A-B8E3-696D75950548}.Release|Any CPU.ActiveCfg = Release|Any CPU
		{EE17F36A-24E2-4D7A-B8E3-696D75950548}.Release|Any CPU.Build.0 = Release|Any CPU
		{83949A8A-9DD1-46C2-80A2-B2CBC6F9B99E}.Debug|Any CPU.ActiveCfg = Debug|Any CPU
		{83949A8A-9DD1-46C2-80A2-B2CBC6F9B99E}.Debug|Any CPU.Build.0 = Debug|Any CPU
		{83949A8A-9DD1-46C2-80A2-B2CBC6F9B99E}.Release|Any CPU.ActiveCfg = Release|Any CPU
		{83949A8A-9DD1-46C2-80A2-B2CBC6F9B99E}.Release|Any CPU.Build.0 = Release|Any CPU
		{A1197C4D-198C-426A-9D69-54FA954C0053}.Debug|Any CPU.ActiveCfg = Debug|Any CPU
		{A1197C4D-198C-426A-9D69-54FA954C0053}.Debug|Any CPU.Build.0 = Debug|Any CPU
		{A1197C4D-198C-426A-9D69-54FA954C0053}.Release|Any CPU.ActiveCfg = Release|Any CPU
		{A1197C4D-198C-426A-9D69-54FA954C0053}.Release|Any CPU.Build.0 = Release|Any CPU
		{904D58D4-83DF-4B71-A9F9-FD3C7DBF95B2}.Debug|Any CPU.ActiveCfg = Debug|Any CPU
		{904D58D4-83DF-4B71-A9F9-FD3C7DBF95B2}.Debug|Any CPU.Build.0 = Debug|Any CPU
		{904D58D4-83DF-4B71-A9F9-FD3C7DBF95B2}.Release|Any CPU.ActiveCfg = Release|Any CPU
		{904D58D4-83DF-4B71-A9F9-FD3C7DBF95B2}.Release|Any CPU.Build.0 = Release|Any CPU
		{2D49582B-96E6-44B4-BF68-F37691067598}.Debug|Any CPU.ActiveCfg = Debug|Any CPU
		{2D49582B-96E6-44B4-BF68-F37691067598}.Debug|Any CPU.Build.0 = Debug|Any CPU
		{2D49582B-96E6-44B4-BF68-F37691067598}.Release|Any CPU.ActiveCfg = Release|Any CPU
		{2D49582B-96E6-44B4-BF68-F37691067598}.Release|Any CPU.Build.0 = Release|Any CPU
		{6190F91C-8463-4A1B-84CF-630D3712ECB8}.Debug|Any CPU.ActiveCfg = Debug|Any CPU
		{6190F91C-8463-4A1B-84CF-630D3712ECB8}.Debug|Any CPU.Build.0 = Debug|Any CPU
		{6190F91C-8463-4A1B-84CF-630D3712ECB8}.Release|Any CPU.ActiveCfg = Release|Any CPU
		{6190F91C-8463-4A1B-84CF-630D3712ECB8}.Release|Any CPU.Build.0 = Release|Any CPU
	EndGlobalSection
	GlobalSection(SolutionProperties) = preSolution
		HideSolutionNode = FALSE
	EndGlobalSection
	GlobalSection(NestedProjects) = preSolution
		{1132C3FB-5811-4990-8553-F4B627172CA7} = {A0E8F97F-4D2E-427C-B4CF-B07D2A7F0563}
		{CDCFD204-2B20-480A-A9C4-6EB237175616} = {4B7F4E36-8DEC-4539-A814-AAA85B7DCD73}
		{5BB4F888-7CFC-4ABA-A062-1D13DC05EBAD} = {1287E636-254B-4B8C-98DC-F6867948D0D2}
		{D9DEE8F0-1830-4B47-9720-3DFF82AE27C0} = {5BB4F888-7CFC-4ABA-A062-1D13DC05EBAD}
		{9D1F647A-8A62-4129-8ED9-BAD2395AA701} = {1287E636-254B-4B8C-98DC-F6867948D0D2}
		{AFC52160-5A0B-4BAB-AF47-61B81DAF4892} = {1287E636-254B-4B8C-98DC-F6867948D0D2}
		{1B1EDBC5-FD9F-4397-92F8-995868CDF612} = {1287E636-254B-4B8C-98DC-F6867948D0D2}
		{C2A2A1EB-6B2C-4255-9C14-1DA0A99C936C} = {AFC52160-5A0B-4BAB-AF47-61B81DAF4892}
		{D9A580CF-8CE3-4714-9B75-D07181645864} = {9D1F647A-8A62-4129-8ED9-BAD2395AA701}
		{BCB27E5B-CFA2-4691-92AF-AE4CA5B8ACD5} = {9D1F647A-8A62-4129-8ED9-BAD2395AA701}
		{84019290-78DD-4D46-817D-CB33E9D2E88D} = {1B1EDBC5-FD9F-4397-92F8-995868CDF612}
		{EE17F36A-24E2-4D7A-B8E3-696D75950548} = {1B1EDBC5-FD9F-4397-92F8-995868CDF612}
		{ED94CC36-6DB7-45E6-A7FD-A81370CBD8E6} = {1287E636-254B-4B8C-98DC-F6867948D0D2}
		{83949A8A-9DD1-46C2-80A2-B2CBC6F9B99E} = {ED94CC36-6DB7-45E6-A7FD-A81370CBD8E6}
		{A1197C4D-198C-426A-9D69-54FA954C0053} = {AFC52160-5A0B-4BAB-AF47-61B81DAF4892}
		{904D58D4-83DF-4B71-A9F9-FD3C7DBF95B2} = {ED94CC36-6DB7-45E6-A7FD-A81370CBD8E6}
		{2D49582B-96E6-44B4-BF68-F37691067598} = {5BB4F888-7CFC-4ABA-A062-1D13DC05EBAD}
		{6190F91C-8463-4A1B-84CF-630D3712ECB8} = {A0E8F97F-4D2E-427C-B4CF-B07D2A7F0563}
	EndGlobalSection
	GlobalSection(ExtensibilityGlobals) = postSolution
		SolutionGuid = {4F336A46-D61F-4E7F-95C7-B1E08F2AA191}
	EndGlobalSection
EndGlobal
